// !$*UTF8*$!
{
	archiveVersion = 1;
	classes = {
	};
	objectVersion = 52;
	objects = {

/* Begin PBXBuildFile section */
		71416EFB2589DD3B007BF71A /* FastTransApp.swift in Sources */ = {isa = PBXBuildFile; fileRef = 71416EFA2589DD3B007BF71A /* FastTransApp.swift */; };
		71416EFF2589DD3C007BF71A /* Assets.xcassets in Resources */ = {isa = PBXBuildFile; fileRef = 71416EFE2589DD3C007BF71A /* Assets.xcassets */; };
		71416F022589DD3C007BF71A /* Preview Assets.xcassets in Resources */ = {isa = PBXBuildFile; fileRef = 71416F012589DD3C007BF71A /* Preview Assets.xcassets */; };
		71536EE7258B91CA00242609 /* Alamofire in Frameworks */ = {isa = PBXBuildFile; productRef = 71536EE6258B91CA00242609 /* Alamofire */; };
		71536EEA258B925B00242609 /* Home.swift in Sources */ = {isa = PBXBuildFile; fileRef = 71536EE9258B925B00242609 /* Home.swift */; };
		71536EED258B928800242609 /* WebAPI.swift in Sources */ = {isa = PBXBuildFile; fileRef = 71536EEC258B928800242609 /* WebAPI.swift */; };
/* End PBXBuildFile section */

/* Begin PBXFileReference section */
		71416EF72589DD3B007BF71A /* FastTrans.app */ = {isa = PBXFileReference; explicitFileType = wrapper.application; includeInIndex = 0; path = FastTrans.app; sourceTree = BUILT_PRODUCTS_DIR; };
		71416EFA2589DD3B007BF71A /* FastTransApp.swift */ = {isa = PBXFileReference; lastKnownFileType = sourcecode.swift; path = FastTransApp.swift; sourceTree = "<group>"; };
		71416EFE2589DD3C007BF71A /* Assets.xcassets */ = {isa = PBXFileReference; lastKnownFileType = folder.assetcatalog; path = Assets.xcassets; sourceTree = "<group>"; };
		71416F012589DD3C007BF71A /* Preview Assets.xcassets */ = {isa = PBXFileReference; lastKnownFileType = folder.assetcatalog; path = "Preview Assets.xcassets"; sourceTree = "<group>"; };
		71416F032589DD3C007BF71A /* Info.plist */ = {isa = PBXFileReference; lastKnownFileType = text.plist.xml; path = Info.plist; sourceTree = "<group>"; };
		71416F042589DD3C007BF71A /* FastTrans.entitlements */ = {isa = PBXFileReference; lastKnownFileType = text.plist.entitlements; path = FastTrans.entitlements; sourceTree = "<group>"; };
		71536EE9258B925B00242609 /* Home.swift */ = {isa = PBXFileReference; lastKnownFileType = sourcecode.swift; path = Home.swift; sourceTree = "<group>"; };
		71536EEC258B928800242609 /* WebAPI.swift */ = {isa = PBXFileReference; lastKnownFileType = sourcecode.swift; path = WebAPI.swift; sourceTree = "<group>"; };
/* End PBXFileReference section */

/* Begin PBXFrameworksBuildPhase section */
		71416EF42589DD3B007BF71A /* Frameworks */ = {
			isa = PBXFrameworksBuildPhase;
			buildActionMask = 2147483647;
			files = (
				71536EE7258B91CA00242609 /* Alamofire in Frameworks */,
			);
			runOnlyForDeploymentPostprocessing = 0;
		};
/* End PBXFrameworksBuildPhase section */

/* Begin PBXGroup section */
		71416EEE2589DD3B007BF71A = {
			isa = PBXGroup;
			children = (
				71416EF92589DD3B007BF71A /* FastTrans */,
				71416EF82589DD3B007BF71A /* Products */,
			);
			sourceTree = "<group>";
		};
		71416EF82589DD3B007BF71A /* Products */ = {
			isa = PBXGroup;
			children = (
				71416EF72589DD3B007BF71A /* FastTrans.app */,
			);
			name = Products;
			sourceTree = "<group>";
		};
		71416EF92589DD3B007BF71A /* FastTrans */ = {
			isa = PBXGroup;
			children = (
				71416EFA2589DD3B007BF71A /* FastTransApp.swift */,
				71536EE9258B925B00242609 /* Home.swift */,
				71536EEC258B928800242609 /* WebAPI.swift */,
				71416EFE2589DD3C007BF71A /* Assets.xcassets */,
				71416F032589DD3C007BF71A /* Info.plist */,
				71416F042589DD3C007BF71A /* FastTrans.entitlements */,
				71416F002589DD3C007BF71A /* Preview Content */,
			);
			path = FastTrans;
			sourceTree = "<group>";
		};
		71416F002589DD3C007BF71A /* Preview Content */ = {
			isa = PBXGroup;
			children = (
				71416F012589DD3C007BF71A /* Preview Assets.xcassets */,
			);
			path = "Preview Content";
			sourceTree = "<group>";
		};
/* End PBXGroup section */

/* Begin PBXNativeTarget section */
		71416EF62589DD3B007BF71A /* FastTrans */ = {
			isa = PBXNativeTarget;
			buildConfigurationList = 71416F072589DD3C007BF71A /* Build configuration list for PBXNativeTarget "FastTrans" */;
			buildPhases = (
				71416EF32589DD3B007BF71A /* Sources */,
				71416EF42589DD3B007BF71A /* Frameworks */,
				71416EF52589DD3B007BF71A /* Resources */,
			);
			buildRules = (
			);
			dependencies = (
			);
			name = FastTrans;
			packageProductDependencies = (
				71536EE6258B91CA00242609 /* Alamofire */,
			);
			productName = FastTrans;
			productReference = 71416EF72589DD3B007BF71A /* FastTrans.app */;
			productType = "com.apple.product-type.application";
		};
/* End PBXNativeTarget section */

/* Begin PBXProject section */
		71416EEF2589DD3B007BF71A /* Project object */ = {
			isa = PBXProject;
			attributes = {
				LastSwiftUpdateCheck = 1230;
				LastUpgradeCheck = 1230;
				TargetAttributes = {
					71416EF62589DD3B007BF71A = {
						CreatedOnToolsVersion = 12.3;
					};
				};
			};
			buildConfigurationList = 71416EF22589DD3B007BF71A /* Build configuration list for PBXProject "FastTrans" */;
			compatibilityVersion = "Xcode 9.3";
			developmentRegion = en;
			hasScannedForEncodings = 0;
			knownRegions = (
				en,
				Base,
			);
			mainGroup = 71416EEE2589DD3B007BF71A;
			packageReferences = (
				71536EE5258B91CA00242609 /* XCRemoteSwiftPackageReference "Alamofire" */,
			);
			productRefGroup = 71416EF82589DD3B007BF71A /* Products */;
			projectDirPath = "";
			projectRoot = "";
			targets = (
				71416EF62589DD3B007BF71A /* FastTrans */,
			);
		};
/* End PBXProject section */

/* Begin PBXResourcesBuildPhase section */
		71416EF52589DD3B007BF71A /* Resources */ = {
			isa = PBXResourcesBuildPhase;
			buildActionMask = 2147483647;
			files = (
				71416F022589DD3C007BF71A /* Preview Assets.xcassets in Resources */,
				71416EFF2589DD3C007BF71A /* Assets.xcassets in Resources */,
			);
			runOnlyForDeploymentPostprocessing = 0;
		};
/* End PBXResourcesBuildPhase section */

/* Begin PBXSourcesBuildPhase section */
		71416EF32589DD3B007BF71A /* Sources */ = {
			isa = PBXSourcesBuildPhase;
			buildActionMask = 2147483647;
			files = (
				71536EEA258B925B00242609 /* Home.swift in Sources */,
				71416EFB2589DD3B007BF71A /* FastTransApp.swift in Sources */,
				71536EED258B928800242609 /* WebAPI.swift in Sources */,
			);
			runOnlyForDeploymentPostprocessing = 0;
		};
/* End PBXSourcesBuildPhase section */

/* Begin XCBuildConfiguration section */
		71416F052589DD3C007BF71A /* Debug */ = {
			isa = XCBuildConfiguration;
			buildSettings = {
				ALWAYS_SEARCH_USER_PATHS = NO;
				CLANG_ANALYZER_NONNULL = YES;
				CLANG_ANALYZER_NUMBER_OBJECT_CONVERSION = YES_AGGRESSIVE;
				CLANG_CXX_LANGUAGE_STANDARD = "gnu++14";
				CLANG_CXX_LIBRARY = "libc++";
				CLANG_ENABLE_MODULES = YES;
				CLANG_ENABLE_OBJC_ARC = YES;
				CLANG_ENABLE_OBJC_WEAK = YES;
				CLANG_WARN_BLOCK_CAPTURE_AUTORELEASING = YES;
				CLANG_WARN_BOOL_CONVERSION = YES;
				CLANG_WARN_COMMA = YES;
				CLANG_WARN_CONSTANT_CONVERSION = YES;
				CLANG_WARN_DEPRECATED_OBJC_IMPLEMENTATIONS = YES;
				CLANG_WARN_DIRECT_OBJC_ISA_USAGE = YES_ERROR;
				CLANG_WARN_DOCUMENTATION_COMMENTS = YES;
				CLANG_WARN_EMPTY_BODY = YES;
				CLANG_WARN_ENUM_CONVERSION = YES;
				CLANG_WARN_INFINITE_RECURSION = YES;
				CLANG_WARN_INT_CONVERSION = YES;
				CLANG_WARN_NON_LITERAL_NULL_CONVERSION = YES;
				CLANG_WARN_OBJC_IMPLICIT_RETAIN_SELF = YES;
				CLANG_WARN_OBJC_LITERAL_CONVERSION = YES;
				CLANG_WARN_OBJC_ROOT_CLASS = YES_ERROR;
				CLANG_WARN_QUOTED_INCLUDE_IN_FRAMEWORK_HEADER = YES;
				CLANG_WARN_RANGE_LOOP_ANALYSIS = YES;
				CLANG_WARN_STRICT_PROTOTYPES = YES;
				CLANG_WARN_SUSPICIOUS_MOVE = YES;
				CLANG_WARN_UNGUARDED_AVAILABILITY = YES_AGGRESSIVE;
				CLANG_WARN_UNREACHABLE_CODE = YES;
				CLANG_WARN__DUPLICATE_METHOD_MATCH = YES;
				COPY_PHASE_STRIP = NO;
				DEBUG_INFORMATION_FORMAT = dwarf;
				ENABLE_STRICT_OBJC_MSGSEND = YES;
				ENABLE_TESTABILITY = YES;
				GCC_C_LANGUAGE_STANDARD = gnu11;
				GCC_DYNAMIC_NO_PIC = NO;
				GCC_NO_COMMON_BLOCKS = YES;
				GCC_OPTIMIZATION_LEVEL = 0;
				GCC_PREPROCESSOR_DEFINITIONS = (
					"DEBUG=1",
					"$(inherited)",
				);
				GCC_WARN_64_TO_32_BIT_CONVERSION = YES;
				GCC_WARN_ABOUT_RETURN_TYPE = YES_ERROR;
				GCC_WARN_UNDECLARED_SELECTOR = YES;
				GCC_WARN_UNINITIALIZED_AUTOS = YES_AGGRESSIVE;
				GCC_WARN_UNUSED_FUNCTION = YES;
				GCC_WARN_UNUSED_VARIABLE = YES;
				MACOSX_DEPLOYMENT_TARGET = 11.0;
				MTL_ENABLE_DEBUG_INFO = INCLUDE_SOURCE;
				MTL_FAST_MATH = YES;
				ONLY_ACTIVE_ARCH = YES;
				SDKROOT = macosx;
				SWIFT_ACTIVE_COMPILATION_CONDITIONS = DEBUG;
				SWIFT_OPTIMIZATION_LEVEL = "-Onone";
			};
			name = Debug;
		};
		71416F062589DD3C007BF71A /* Release */ = {
			isa = XCBuildConfiguration;
			buildSettings = {
				ALWAYS_SEARCH_USER_PATHS = NO;
				CLANG_ANALYZER_NONNULL = YES;
				CLANG_ANALYZER_NUMBER_OBJECT_CONVERSION = YES_AGGRESSIVE;
				CLANG_CXX_LANGUAGE_STANDARD = "gnu++14";
				CLANG_CXX_LIBRARY = "libc++";
				CLANG_ENABLE_MODULES = YES;
				CLANG_ENABLE_OBJC_ARC = YES;
				CLANG_ENABLE_OBJC_WEAK = YES;
				CLANG_WARN_BLOCK_CAPTURE_AUTORELEASING = YES;
				CLANG_WARN_BOOL_CONVERSION = YES;
				CLANG_WARN_COMMA = YES;
				CLANG_WARN_CONSTANT_CONVERSION = YES;
				CLANG_WARN_DEPRECATED_OBJC_IMPLEMENTATIONS = YES;
				CLANG_WARN_DIRECT_OBJC_ISA_USAGE = YES_ERROR;
				CLANG_WARN_DOCUMENTATION_COMMENTS = YES;
				CLANG_WARN_EMPTY_BODY = YES;
				CLANG_WARN_ENUM_CONVERSION = YES;
				CLANG_WARN_INFINITE_RECURSION = YES;
				CLANG_WARN_INT_CONVERSION = YES;
				CLANG_WARN_NON_LITERAL_NULL_CONVERSION = YES;
				CLANG_WARN_OBJC_IMPLICIT_RETAIN_SELF = YES;
				CLANG_WARN_OBJC_LITERAL_CONVERSION = YES;
				CLANG_WARN_OBJC_ROOT_CLASS = YES_ERROR;
				CLANG_WARN_QUOTED_INCLUDE_IN_FRAMEWORK_HEADER = YES;
				CLANG_WARN_RANGE_LOOP_ANALYSIS = YES;
				CLANG_WARN_STRICT_PROTOTYPES = YES;
				CLANG_WARN_SUSPICIOUS_MOVE = YES;
				CLANG_WARN_UNGUARDED_AVAILABILITY = YES_AGGRESSIVE;
				CLANG_WARN_UNREACHABLE_CODE = YES;
				CLANG_WARN__DUPLICATE_METHOD_MATCH = YES;
				COPY_PHASE_STRIP = NO;
				DEBUG_INFORMATION_FORMAT = "dwarf-with-dsym";
				ENABLE_NS_ASSERTIONS = NO;
				ENABLE_STRICT_OBJC_MSGSEND = YES;
				GCC_C_LANGUAGE_STANDARD = gnu11;
				GCC_NO_COMMON_BLOCKS = YES;
				GCC_WARN_64_TO_32_BIT_CONVERSION = YES;
				GCC_WARN_ABOUT_RETURN_TYPE = YES_ERROR;
				GCC_WARN_UNDECLARED_SELECTOR = YES;
				GCC_WARN_UNINITIALIZED_AUTOS = YES_AGGRESSIVE;
				GCC_WARN_UNUSED_FUNCTION = YES;
				GCC_WARN_UNUSED_VARIABLE = YES;
				MACOSX_DEPLOYMENT_TARGET = 11.0;
				MTL_ENABLE_DEBUG_INFO = NO;
				MTL_FAST_MATH = YES;
				SDKROOT = macosx;
				SWIFT_COMPILATION_MODE = wholemodule;
				SWIFT_OPTIMIZATION_LEVEL = "-O";
			};
			name = Release;
		};
		71416F082589DD3C007BF71A /* Debug */ = {
			isa = XCBuildConfiguration;
			buildSettings = {
				ASSETCATALOG_COMPILER_APPICON_NAME = AppIcon;
				ASSETCATALOG_COMPILER_GLOBAL_ACCENT_COLOR_NAME = AccentColor;
				CODE_SIGN_ENTITLEMENTS = FastTrans/FastTrans.entitlements;
				CODE_SIGN_STYLE = Automatic;
				COMBINE_HIDPI_IMAGES = YES;
				DEVELOPMENT_ASSET_PATHS = "\"FastTrans/Preview Content\"";
				DEVELOPMENT_TEAM = ZPWJ8AF9WH;
				ENABLE_HARDENED_RUNTIME = YES;
				ENABLE_PREVIEWS = YES;
				INFOPLIST_FILE = FastTrans/Info.plist;
				LD_RUNPATH_SEARCH_PATHS = (
					"$(inherited)",
					"@executable_path/../Frameworks",
				);
				MACOSX_DEPLOYMENT_TARGET = 11.0;
				PRODUCT_BUNDLE_IDENTIFIER = org.ray.FastTrans;
				PRODUCT_NAME = "$(TARGET_NAME)";
				SWIFT_VERSION = 5.0;
			};
			name = Debug;
		};
		71416F092589DD3C007BF71A /* Release */ = {
			isa = XCBuildConfiguration;
			buildSettings = {
				ASSETCATALOG_COMPILER_APPICON_NAME = AppIcon;
				ASSETCATALOG_COMPILER_GLOBAL_ACCENT_COLOR_NAME = AccentColor;
				CODE_SIGN_ENTITLEMENTS = FastTrans/FastTrans.entitlements;
				CODE_SIGN_STYLE = Automatic;
				COMBINE_HIDPI_IMAGES = YES;
				DEVELOPMENT_ASSET_PATHS = "\"FastTrans/Preview Content\"";
				DEVELOPMENT_TEAM = ZPWJ8AF9WH;
				ENABLE_HARDENED_RUNTIME = YES;
				ENABLE_PREVIEWS = YES;
				INFOPLIST_FILE = FastTrans/Info.plist;
				LD_RUNPATH_SEARCH_PATHS = (
					"$(inherited)",
					"@executable_path/../Frameworks",
				);
				MACOSX_DEPLOYMENT_TARGET = 11.0;
				PRODUCT_BUNDLE_IDENTIFIER = org.ray.FastTrans;
				PRODUCT_NAME = "$(TARGET_NAME)";
				SWIFT_VERSION = 5.0;
			};
			name = Release;
		};
/* End XCBuildConfiguration section */

/* Begin XCConfigurationList section */
		71416EF22589DD3B007BF71A /* Build configuration list for PBXProject "FastTrans" */ = {
			isa = XCConfigurationList;
			buildConfigurations = (
				71416F052589DD3C007BF71A /* Debug */,
				71416F062589DD3C007BF71A /* Release */,
			);
			defaultConfigurationIsVisible = 0;
			defaultConfigurationName = Release;
		};
		71416F072589DD3C007BF71A /* Build configuration list for PBXNativeTarget "FastTrans" */ = {
			isa = XCConfigurationList;
			buildConfigurations = (
				71416F082589DD3C007BF71A /* Debug */,
				71416F092589DD3C007BF71A /* Release */,
			);
			defaultConfigurationIsVisible = 0;
			defaultConfigurationName = Release;
		};
/* End XCConfigurationList section */

/* Begin XCRemoteSwiftPackageReference section */
		71536EE5258B91CA00242609 /* XCRemoteSwiftPackageReference "Alamofire" */ = {
			isa = XCRemoteSwiftPackageReference;
			repositoryURL = "https://github.com/Alamofire/Alamofire";
			requirement = {
				kind = upToNextMajorVersion;
				minimumVersion = 5.4.0;
			};
		};
/* End XCRemoteSwiftPackageReference section */

/* Begin XCSwiftPackageProductDependency section */
		71536EE6258B91CA00242609 /* Alamofire */ = {
			isa = XCSwiftPackageProductDependency;
			package = 71536EE5258B91CA00242609 /* XCRemoteSwiftPackageReference "Alamofire" */;
			productName = Alamofire;
		};
/* End XCSwiftPackageProductDependency section */
	};
	rootObject = 71416EEF2589DD3B007BF71A /* Project object */;
}
